PODS:
  - IQKeyboardManagerSwift (6.5.9)
  - MBProgressHUD (1.2.0)
  - SwiftKeychainWrapper (4.0.1)
  - Toast-Swift (5.0.1)

DEPENDENCIES:
  - IQKeyboardManagerSwift
  - MBProgressHUD
  - SwiftKeychainWrapper
  - Toast-Swift

SPEC REPOS:
  trunk:
    - IQKeyboardManagerSwift
    - MBProgressHUD
    - SwiftKeychainWrapper
    - Toast-Swift

SPEC CHECKSUMS:
  IQKeyboardManagerSwift: 6e839c575c4aa1078d58a596e41244e77abe918f
  MBProgressHUD: 3ee5efcc380f6a79a7cc9b363dd669c5e1ae7406
  SwiftKeychainWrapper: 807ba1d63c33a7d0613288512399cd1eda1e470c
  Toast-Swift: 9b6a70f28b3bf0b96c40d46c0c4b9d6639846711

PODFILE CHECKSUM: b8544e21fa66a8077b2400ac849c89ffaf27581f

COCOAPODS: 1.11.2
